
Microsoft Visual Studio Solution File, Format Version 12.00
# Visual Studio Version 16
VisualStudioVersion = 16.0.29926.136
MinimumVisualStudioVersion = 10.0.40219.1
Project("{FAE04EC0-301F-11D3-BF4B-00C04F79EFBC}") = "Homework-Helper", "zytj\Homework-Helper.csproj", "{768D890B-4617-4F88-A0E7-2A1F4FF2B92B}"
EndProject
Global
	GlobalSection(SolutionConfigurationPlatforms) = preSolution
		Debug|Any CPU = Debug|Any CPU
		Release|Any CPU = Release|Any CPU
	EndGlobalSection
	GlobalSection(ProjectConfigurationPlatforms) = postSolution
		{768D890B-4617-4F88-A0E7-2A1F4FF2B92B}.Debug|Any CPU.ActiveCfg = Debug|Any CPU
		{768D890B-4617-4F88-A0E7-2A1F4FF2B92B}.Debug|Any CPU.Build.0 = Debug|Any CPU
		{768D890B-4617-4F88-A0E7-2A1F4FF2B92B}.Release|Any CPU.ActiveCfg = Release|Any CPU
		{768D890B-4617-4F88-A0E7-2A1F4FF2B92B}.Release|Any CPU.Build.0 = Release|Any CPU
	EndGlobalSection
	GlobalSection(SolutionProperties) = preSolution
		HideSolutionNode = FALSE
	EndGlobalSection
	GlobalSection(ExtensibilityGlobals) = postSolution
		SolutionGuid = {51D667BD-542A-489D-B132-2881A74F9ECC}
	EndGlobalSection
EndGlobal
